
Microsoft Visual Studio Solution File, Format Version 12.00
# Visual Studio Version 17
VisualStudioVersion = 17.9.34902.65
MinimumVisualStudioVersion = 10.0.40219.1
Project("{2150E333-8FDC-42A3-9474-1A3956D46DE8}") = "C++", "C++", "{5F8EB343-EFC0-4083-A8EA-5BD6FD2BE6B4}"
EndProject
Project("{2150E333-8FDC-42A3-9474-1A3956D46DE8}") = "C#", "C#", "{87925363-F6EA-4212-9705-3EA445206AF1}"
EndProject
Project("{8BC9CEB8-8B4A-11D0-8D11-00A0C91BC942}") = "cpp.RootOfAVLTree", "cpp.RootOfAVLTree\cpp.RootOfAVLTree.vcxproj", "{39B5A263-042B-47FD-9BCF-5FB81BB56950}"
EndProject
Project("{8BC9CEB8-8B4A-11D0-8D11-00A0C91BC942}") = "cpp.CompleteBinarySearchTree", "cpp.CompleteBinarySearchTree\cpp.CompleteBinarySearchTree.vcxproj", "{25E7370A-73EA-4D61-9D5C-34FD080C2695}"
EndProject
Project("{8BC9CEB8-8B4A-11D0-8D11-00A0C91BC942}") = "cpp.HeapPath", "cpp.HeapPath\cpp.HeapPath.vcxproj", "{9BAAF387-4D5D-458D-B956-F085B02E51C4}"
EndProject
Project("{8BC9CEB8-8B4A-11D0-8D11-00A0C91BC942}") = "cpp.FileTransfer", "cpp.FileTransfer\cpp.FileTransfer.vcxproj", "{132AB4CC-BF25-4675-A103-22F4B183C2C1}"
EndProject
Project("{8BC9CEB8-8B4A-11D0-8D11-00A0C91BC942}") = "cpp.HuffmanCodes", "cpp.HuffmanCodes\cpp.HuffmanCodes.vcxproj", "{82BA9B0B-113B-4BD5-B172-926AE8268E5C}"
EndProject
Project("{8BC9CEB8-8B4A-11D0-8D11-00A0C91BC942}") = "cpp.SameBST", "cpp.SameBST\cpp.SameBST.vcxproj", "{5F4D1945-5901-4E2C-9ECC-4F8069D78100}"
EndProject
Project("{2150E333-8FDC-42A3-9474-1A3956D46DE8}") = "problems", "problems", "{FE2956E2-0288-49EA-BDDC-48F365B0049C}"
EndProject
Project("{2150E333-8FDC-42A3-9474-1A3956D46DE8}") = "examples", "examples", "{3510B02C-8634-4D0E-BFA7-88287C507324}"
EndProject
Project("{8BC9CEB8-8B4A-11D0-8D11-00A0C91BC942}") = "HuffmanTree", "HuffmanTree\HuffmanTree.vcxproj", "{054F02D3-2F09-4628-BD63-99D8F2F30B3B}"
EndProject
Project("{8BC9CEB8-8B4A-11D0-8D11-00A0C91BC942}") = "cpp.ListConnectedSet", "cpp.ListConnectedSet\cpp.ListConnectedSet.vcxproj", "{618778A3-928B-4671-B67B-D82D9D5101CD}"
EndProject
Project("{8BC9CEB8-8B4A-11D0-8D11-00A0C91BC942}") = "cpp.SavingJamesBond", "cpp.SavingJamesBond\cpp.SavingJamesBond.vcxproj", "{595D579F-31B0-4424-B276-CEF5AF94E86A}"
EndProject
Project("{9A19103F-16F7-4668-BE54-9A1E7A4F7556}") = "csharp.Shuffle", "csharp.Shuffle\csharp.Shuffle.csproj", "{48891E5A-F2AA-4E8E-85B0-F431B73F9BDB}"
EndProject
Project("{8BC9CEB8-8B4A-11D0-8D11-00A0C91BC942}") = "cpp.SixDegreesOfSeparation", "cpp.SixDegreesOfSeparation\cpp.SixDegreesOfSeparation.vcxproj", "{15D6B5E9-625D-4128-89A2-E94FC819FE41}"
EndProject
Global
	GlobalSection(SolutionConfigurationPlatforms) = preSolution
		Debug|Any CPU = Debug|Any CPU
		Debug|x64 = Debug|x64
		Debug|x86 = Debug|x86
		Release|Any CPU = Release|Any CPU
		Release|x64 = Release|x64
		Release|x86 = Release|x86
	EndGlobalSection
	GlobalSection(ProjectConfigurationPlatforms) = postSolution
		{39B5A263-042B-47FD-9BCF-5FB81BB56950}.Debug|Any CPU.ActiveCfg = Debug|x64
		{39B5A263-042B-47FD-9BCF-5FB81BB56950}.Debug|Any CPU.Build.0 = Debug|x64
		{39B5A263-042B-47FD-9BCF-5FB81BB56950}.Debug|x64.ActiveCfg = Debug|x64
		{39B5A263-042B-47FD-9BCF-5FB81BB56950}.Debug|x64.Build.0 = Debug|x64
		{39B5A263-042B-47FD-9BCF-5FB81BB56950}.Debug|x86.ActiveCfg = Debug|Win32
		{39B5A263-042B-47FD-9BCF-5FB81BB56950}.Debug|x86.Build.0 = Debug|Win32
		{39B5A263-042B-47FD-9BCF-5FB81BB56950}.Release|Any CPU.ActiveCfg = Release|x64
		{39B5A263-042B-47FD-9BCF-5FB81BB56950}.Release|Any CPU.Build.0 = Release|x64
		{39B5A263-042B-47FD-9BCF-5FB81BB56950}.Release|x64.ActiveCfg = Release|x64
		{39B5A263-042B-47FD-9BCF-5FB81BB56950}.Release|x64.Build.0 = Release|x64
		{39B5A263-042B-47FD-9BCF-5FB81BB56950}.Release|x86.ActiveCfg = Release|Win32
		{39B5A263-042B-47FD-9BCF-5FB81BB56950}.Release|x86.Build.0 = Release|Win32
		{25E7370A-73EA-4D61-9D5C-34FD080C2695}.Debug|Any CPU.ActiveCfg = Debug|x64
		{25E7370A-73EA-4D61-9D5C-34FD080C2695}.Debug|Any CPU.Build.0 = Debug|x64
		{25E7370A-73EA-4D61-9D5C-34FD080C2695}.Debug|x64.ActiveCfg = Debug|x64
		{25E7370A-73EA-4D61-9D5C-34FD080C2695}.Debug|x64.Build.0 = Debug|x64
		{25E7370A-73EA-4D61-9D5C-34FD080C2695}.Debug|x86.ActiveCfg = Debug|Win32
		{25E7370A-73EA-4D61-9D5C-34FD080C2695}.Debug|x86.Build.0 = Debug|Win32
		{25E7370A-73EA-4D61-9D5C-34FD080C2695}.Release|Any CPU.ActiveCfg = Release|x64
		{25E7370A-73EA-4D61-9D5C-34FD080C2695}.Release|Any CPU.Build.0 = Release|x64
		{25E7370A-73EA-4D61-9D5C-34FD080C2695}.Release|x64.ActiveCfg = Release|x64
		{25E7370A-73EA-4D61-9D5C-34FD080C2695}.Release|x64.Build.0 = Release|x64
		{25E7370A-73EA-4D61-9D5C-34FD080C2695}.Release|x86.ActiveCfg = Release|Win32
		{25E7370A-73EA-4D61-9D5C-34FD080C2695}.Release|x86.Build.0 = Release|Win32
		{9BAAF387-4D5D-458D-B956-F085B02E51C4}.Debug|Any CPU.ActiveCfg = Debug|x64
		{9BAAF387-4D5D-458D-B956-F085B02E51C4}.Debug|Any CPU.Build.0 = Debug|x64
		{9BAAF387-4D5D-458D-B956-F085B02E51C4}.Debug|x64.ActiveCfg = Debug|x64
		{9BAAF387-4D5D-458D-B956-F085B02E51C4}.Debug|x64.Build.0 = Debug|x64
		{9BAAF387-4D5D-458D-B956-F085B02E51C4}.Debug|x86.ActiveCfg = Debug|Win32
		{9BAAF387-4D5D-458D-B956-F085B02E51C4}.Debug|x86.Build.0 = Debug|Win32
		{9BAAF387-4D5D-458D-B956-F085B02E51C4}.Release|Any CPU.ActiveCfg = Release|x64
		{9BAAF387-4D5D-458D-B956-F085B02E51C4}.Release|Any CPU.Build.0 = Release|x64
		{9BAAF387-4D5D-458D-B956-F085B02E51C4}.Release|x64.ActiveCfg = Release|x64
		{9BAAF387-4D5D-458D-B956-F085B02E51C4}.Release|x64.Build.0 = Release|x64
		{9BAAF387-4D5D-458D-B956-F085B02E51C4}.Release|x86.ActiveCfg = Release|Win32
		{9BAAF387-4D5D-458D-B956-F085B02E51C4}.Release|x86.Build.0 = Release|Win32
		{132AB4CC-BF25-4675-A103-22F4B183C2C1}.Debug|Any CPU.ActiveCfg = Debug|x64
		{132AB4CC-BF25-4675-A103-22F4B183C2C1}.Debug|Any CPU.Build.0 = Debug|x64
		{132AB4CC-BF25-4675-A103-22F4B183C2C1}.Debug|x64.ActiveCfg = Debug|x64
		{132AB4CC-BF25-4675-A103-22F4B183C2C1}.Debug|x64.Build.0 = Debug|x64
		{132AB4CC-BF25-4675-A103-22F4B183C2C1}.Debug|x86.ActiveCfg = Debug|Win32
		{132AB4CC-BF25-4675-A103-22F4B183C2C1}.Debug|x86.Build.0 = Debug|Win32
		{132AB4CC-BF25-4675-A103-22F4B183C2C1}.Release|Any CPU.ActiveCfg = Release|x64
		{132AB4CC-BF25-4675-A103-22F4B183C2C1}.Release|Any CPU.Build.0 = Release|x64
		{132AB4CC-BF25-4675-A103-22F4B183C2C1}.Release|x64.ActiveCfg = Release|x64
		{132AB4CC-BF25-4675-A103-22F4B183C2C1}.Release|x64.Build.0 = Release|x64
		{132AB4CC-BF25-4675-A103-22F4B183C2C1}.Release|x86.ActiveCfg = Release|Win32
		{132AB4CC-BF25-4675-A103-22F4B183C2C1}.Release|x86.Build.0 = Release|Win32
		{82BA9B0B-113B-4BD5-B172-926AE8268E5C}.Debug|Any CPU.ActiveCfg = Debug|x64
		{82BA9B0B-113B-4BD5-B172-926AE8268E5C}.Debug|Any CPU.Build.0 = Debug|x64
		{82BA9B0B-113B-4BD5-B172-926AE8268E5C}.Debug|x64.ActiveCfg = Debug|x64
		{82BA9B0B-113B-4BD5-B172-926AE8268E5C}.Debug|x64.Build.0 = Debug|x64
		{82BA9B0B-113B-4BD5-B172-926AE8268E5C}.Debug|x86.ActiveCfg = Debug|Win32
		{82BA9B0B-113B-4BD5-B172-926AE8268E5C}.Debug|x86.Build.0 = Debug|Win32
		{82BA9B0B-113B-4BD5-B172-926AE8268E5C}.Release|Any CPU.ActiveCfg = Release|x64
		{82BA9B0B-113B-4BD5-B172-926AE8268E5C}.Release|Any CPU.Build.0 = Release|x64
		{82BA9B0B-113B-4BD5-B172-926AE8268E5C}.Release|x64.ActiveCfg = Release|x64
		{82BA9B0B-113B-4BD5-B172-926AE8268E5C}.Release|x64.Build.0 = Release|x64
		{82BA9B0B-113B-4BD5-B172-926AE8268E5C}.Release|x86.ActiveCfg = Release|Win32
		{82BA9B0B-113B-4BD5-B172-926AE8268E5C}.Release|x86.Build.0 = Release|Win32
		{5F4D1945-5901-4E2C-9ECC-4F8069D78100}.Debug|Any CPU.ActiveCfg = Debug|x64
		{5F4D1945-5901-4E2C-9ECC-4F8069D78100}.Debug|Any CPU.Build.0 = Debug|x64
		{5F4D1945-5901-4E2C-9ECC-4F8069D78100}.Debug|x64.ActiveCfg = Debug|x64
		{5F4D1945-5901-4E2C-9ECC-4F8069D78100}.Debug|x64.Build.0 = Debug|x64
		{5F4D1945-5901-4E2C-9ECC-4F8069D78100}.Debug|x86.ActiveCfg = Debug|Win32
		{5F4D1945-5901-4E2C-9ECC-4F8069D78100}.Debug|x86.Build.0 = Debug|Win32
		{5F4D1945-5901-4E2C-9ECC-4F8069D78100}.Release|Any CPU.ActiveCfg = Release|x64
		{5F4D1945-5901-4E2C-9ECC-4F8069D78100}.Release|Any CPU.Build.0 = Release|x64
		{5F4D1945-5901-4E2C-9ECC-4F8069D78100}.Release|x64.ActiveCfg = Release|x64
		{5F4D1945-5901-4E2C-9ECC-4F8069D78100}.Release|x64.Build.0 = Release|x64
		{5F4D1945-5901-4E2C-9ECC-4F8069D78100}.Release|x86.ActiveCfg = Release|Win32
		{5F4D1945-5901-4E2C-9ECC-4F8069D78100}.Release|x86.Build.0 = Release|Win32
		{054F02D3-2F09-4628-BD63-99D8F2F30B3B}.Debug|Any CPU.ActiveCfg = Debug|x64
		{054F02D3-2F09-4628-BD63-99D8F2F30B3B}.Debug|Any CPU.Build.0 = Debug|x64
		{054F02D3-2F09-4628-BD63-99D8F2F30B3B}.Debug|x64.ActiveCfg = Debug|x64
		{054F02D3-2F09-4628-BD63-99D8F2F30B3B}.Debug|x64.Build.0 = Debug|x64
		{054F02D3-2F09-4628-BD63-99D8F2F30B3B}.Debug|x86.ActiveCfg = Debug|Win32
		{054F02D3-2F09-4628-BD63-99D8F2F30B3B}.Debug|x86.Build.0 = Debug|Win32
		{054F02D3-2F09-4628-BD63-99D8F2F30B3B}.Release|Any CPU.ActiveCfg = Release|x64
		{054F02D3-2F09-4628-BD63-99D8F2F30B3B}.Release|Any CPU.Build.0 = Release|x64
		{054F02D3-2F09-4628-BD63-99D8F2F30B3B}.Release|x64.ActiveCfg = Release|x64
		{054F02D3-2F09-4628-BD63-99D8F2F30B3B}.Release|x64.Build.0 = Release|x64
		{054F02D3-2F09-4628-BD63-99D8F2F30B3B}.Release|x86.ActiveCfg = Release|Win32
		{054F02D3-2F09-4628-BD63-99D8F2F30B3B}.Release|x86.Build.0 = Release|Win32
		{618778A3-928B-4671-B67B-D82D9D5101CD}.Debug|Any CPU.ActiveCfg = Debug|x64
		{618778A3-928B-4671-B67B-D82D9D5101CD}.Debug|Any CPU.Build.0 = Debug|x64
		{618778A3-928B-4671-B67B-D82D9D5101CD}.Debug|x64.ActiveCfg = Debug|x64
		{618778A3-928B-4671-B67B-D82D9D5101CD}.Debug|x64.Build.0 = Debug|x64
		{618778A3-928B-4671-B67B-D82D9D5101CD}.Debug|x86.ActiveCfg = Debug|Win32
		{618778A3-928B-4671-B67B-D82D9D5101CD}.Debug|x86.Build.0 = Debug|Win32
		{618778A3-928B-4671-B67B-D82D9D5101CD}.Release|Any CPU.ActiveCfg = Release|x64
		{618778A3-928B-4671-B67B-D82D9D5101CD}.Release|Any CPU.Build.0 = Release|x64
		{618778A3-928B-4671-B67B-D82D9D5101CD}.Release|x64.ActiveCfg = Release|x64
		{618778A3-928B-4671-B67B-D82D9D5101CD}.Release|x64.Build.0 = Release|x64
		{618778A3-928B-4671-B67B-D82D9D5101CD}.Release|x86.ActiveCfg = Release|Win32
		{618778A3-928B-4671-B67B-D82D9D5101CD}.Release|x86.Build.0 = Release|Win32
		{595D579F-31B0-4424-B276-CEF5AF94E86A}.Debug|Any CPU.ActiveCfg = Debug|x64
		{595D579F-31B0-4424-B276-CEF5AF94E86A}.Debug|Any CPU.Build.0 = Debug|x64
		{595D579F-31B0-4424-B276-CEF5AF94E86A}.Debug|x64.ActiveCfg = Debug|x64
		{595D579F-31B0-4424-B276-CEF5AF94E86A}.Debug|x64.Build.0 = Debug|x64
		{595D579F-31B0-4424-B276-CEF5AF94E86A}.Debug|x86.ActiveCfg = Debug|Win32
		{595D579F-31B0-4424-B276-CEF5AF94E86A}.Debug|x86.Build.0 = Debug|Win32
		{595D579F-31B0-4424-B276-CEF5AF94E86A}.Release|Any CPU.ActiveCfg = Release|x64
		{595D579F-31B0-4424-B276-CEF5AF94E86A}.Release|Any CPU.Build.0 = Release|x64
		{595D579F-31B0-4424-B276-CEF5AF94E86A}.Release|x64.ActiveCfg = Release|x64
		{595D579F-31B0-4424-B276-CEF5AF94E86A}.Release|x64.Build.0 = Release|x64
		{595D579F-31B0-4424-B276-CEF5AF94E86A}.Release|x86.ActiveCfg = Release|Win32
		{595D579F-31B0-4424-B276-CEF5AF94E86A}.Release|x86.Build.0 = Release|Win32
		{48891E5A-F2AA-4E8E-85B0-F431B73F9BDB}.Debug|Any CPU.ActiveCfg = Debug|Any CPU
		{48891E5A-F2AA-4E8E-85B0-F431B73F9BDB}.Debug|Any CPU.Build.0 = Debug|Any CPU
		{48891E5A-F2AA-4E8E-85B0-F431B73F9BDB}.Debug|x64.ActiveCfg = Debug|Any CPU
		{48891E5A-F2AA-4E8E-85B0-F431B73F9BDB}.Debug|x64.Build.0 = Debug|Any CPU
		{48891E5A-F2AA-4E8E-85B0-F431B73F9BDB}.Debug|x86.ActiveCfg = Debug|Any CPU
		{48891E5A-F2AA-4E8E-85B0-F431B73F9BDB}.Debug|x86.Build.0 = Debug|Any CPU
		{48891E5A-F2AA-4E8E-85B0-F431B73F9BDB}.Release|Any CPU.ActiveCfg = Release|Any CPU
		{48891E5A-F2AA-4E8E-85B0-F431B73F9BDB}.Release|Any CPU.Build.0 = Release|Any CPU
		{48891E5A-F2AA-4E8E-85B0-F431B73F9BDB}.Release|x64.ActiveCfg = Release|Any CPU
		{48891E5A-F2AA-4E8E-85B0-F431B73F9BDB}.Release|x64.Build.0 = Release|Any CPU
		{48891E5A-F2AA-4E8E-85B0-F431B73F9BDB}.Release|x86.ActiveCfg = Release|Any CPU
		{48891E5A-F2AA-4E8E-85B0-F431B73F9BDB}.Release|x86.Build.0 = Release|Any CPU
		{15D6B5E9-625D-4128-89A2-E94FC819FE41}.Debug|Any CPU.ActiveCfg = Debug|x64
		{15D6B5E9-625D-4128-89A2-E94FC819FE41}.Debug|Any CPU.Build.0 = Debug|x64
		{15D6B5E9-625D-4128-89A2-E94FC819FE41}.Debug|x64.ActiveCfg = Debug|x64
		{15D6B5E9-625D-4128-89A2-E94FC819FE41}.Debug|x64.Build.0 = Debug|x64
		{15D6B5E9-625D-4128-89A2-E94FC819FE41}.Debug|x86.ActiveCfg = Debug|Win32
		{15D6B5E9-625D-4128-89A2-E94FC819FE41}.Debug|x86.Build.0 = Debug|Win32
		{15D6B5E9-625D-4128-89A2-E94FC819FE41}.Release|Any CPU.ActiveCfg = Release|x64
		{15D6B5E9-625D-4128-89A2-E94FC819FE41}.Release|Any CPU.Build.0 = Release|x64
		{15D6B5E9-625D-4128-89A2-E94FC819FE41}.Release|x64.ActiveCfg = Release|x64
		{15D6B5E9-625D-4128-89A2-E94FC819FE41}.Release|x64.Build.0 = Release|x64
		{15D6B5E9-625D-4128-89A2-E94FC819FE41}.Release|x86.ActiveCfg = Release|Win32
		{15D6B5E9-625D-4128-89A2-E94FC819FE41}.Release|x86.Build.0 = Release|Win32
	EndGlobalSection
	GlobalSection(SolutionProperties) = preSolution
		HideSolutionNode = FALSE
	EndGlobalSection
	GlobalSection(NestedProjects) = preSolution
		{39B5A263-042B-47FD-9BCF-5FB81BB56950} = {FE2956E2-0288-49EA-BDDC-48F365B0049C}
		{25E7370A-73EA-4D61-9D5C-34FD080C2695} = {FE2956E2-0288-49EA-BDDC-48F365B0049C}
		{9BAAF387-4D5D-458D-B956-F085B02E51C4} = {FE2956E2-0288-49EA-BDDC-48F365B0049C}
		{132AB4CC-BF25-4675-A103-22F4B183C2C1} = {FE2956E2-0288-49EA-BDDC-48F365B0049C}
		{82BA9B0B-113B-4BD5-B172-926AE8268E5C} = {FE2956E2-0288-49EA-BDDC-48F365B0049C}
		{5F4D1945-5901-4E2C-9ECC-4F8069D78100} = {FE2956E2-0288-49EA-BDDC-48F365B0049C}
		{FE2956E2-0288-49EA-BDDC-48F365B0049C} = {5F8EB343-EFC0-4083-A8EA-5BD6FD2BE6B4}
		{3510B02C-8634-4D0E-BFA7-88287C507324} = {5F8EB343-EFC0-4083-A8EA-5BD6FD2BE6B4}
		{054F02D3-2F09-4628-BD63-99D8F2F30B3B} = {3510B02C-8634-4D0E-BFA7-88287C507324}
		{618778A3-928B-4671-B67B-D82D9D5101CD} = {FE2956E2-0288-49EA-BDDC-48F365B0049C}
		{595D579F-31B0-4424-B276-CEF5AF94E86A} = {FE2956E2-0288-49EA-BDDC-48F365B0049C}
		{48891E5A-F2AA-4E8E-85B0-F431B73F9BDB} = {87925363-F6EA-4212-9705-3EA445206AF1}
		{15D6B5E9-625D-4128-89A2-E94FC819FE41} = {FE2956E2-0288-49EA-BDDC-48F365B0049C}
	EndGlobalSection
	GlobalSection(ExtensibilityGlobals) = postSolution
		SolutionGuid = {465D5C98-A25E-4BAB-A797-10449D5E6C66}
	EndGlobalSection
EndGlobal
